
Microsoft Visual Studio Solution File, Format Version 12.00
# Visual Studio Version 17
VisualStudioVersion = 17.1.32421.90
MinimumVisualStudioVersion = 10.0.40219.1
Project("{9A19103F-16F7-4668-BE54-9A1E7A4F7556}") = "ConsoleRPG", "ep 7 continue\ConsoleRPG.csproj", "{5700A8F7-A85A-4DE7-87C4-666F4E9A1523}"
EndProject
Global
	GlobalSection(SolutionConfigurationPlatforms) = preSolution
		Debug|Any CPU = Debug|Any CPU
		Release|Any CPU = Release|Any CPU
	EndGlobalSection
	GlobalSection(ProjectConfigurationPlatforms) = postSolution
		{5700A8F7-A85A-4DE7-87C4-666F4E9A1523}.Debug|Any CPU.ActiveCfg = Debug|Any CPU
		{5700A8F7-A85A-4DE7-87C4-666F4E9A1523}.Debug|Any CPU.Build.0 = Debug|Any CPU
		{5700A8F7-A85A-4DE7-87C4-666F4E9A1523}.Release|Any CPU.ActiveCfg = Release|Any CPU
		{5700A8F7-A85A-4DE7-87C4-666F4E9A1523}.Release|Any CPU.Build.0 = Release|Any CPU
	EndGlobalSection
	GlobalSection(SolutionProperties) = preSolution
		HideSolutionNode = FALSE
	EndGlobalSection
	GlobalSection(ExtensibilityGlobals) = postSolution
		SolutionGuid = {0D3A79F1-5A3A-4502-AE08-C5EF22115A7A}
	EndGlobalSection
EndGlobal
